// !$*UTF8*$!
{
	archiveVersion = 1;
	classes = {
	};
	objectVersion = 46;
	objects = {

/* Begin PBXBuildFile section */
		247302011BDDC01A0083189B /* AppDelegate.swift in Sources */ = {isa = PBXBuildFile; fileRef = 247302001BDDC01A0083189B /* AppDelegate.swift */; };
		247302031BDDC01A0083189B /* ViewController.swift in Sources */ = {isa = PBXBuildFile; fileRef = 247302021BDDC01A0083189B /* ViewController.swift */; };
		247302061BDDC01A0083189B /* Main.storyboard in Resources */ = {isa = PBXBuildFile; fileRef = 247302041BDDC01A0083189B /* Main.storyboard */; };
		247302081BDDC01A0083189B /* Assets.xcassets in Resources */ = {isa = PBXBuildFile; fileRef = 247302071BDDC01A0083189B /* Assets.xcassets */; };
		2473020B1BDDC01A0083189B /* LaunchScreen.storyboard in Resources */ = {isa = PBXBuildFile; fileRef = 247302091BDDC01A0083189B /* LaunchScreen.storyboard */; };
		247302131BDDC1890083189B /* libsqlite3.tbd in Frameworks */ = {isa = PBXBuildFile; fileRef = 247302121BDDC1890083189B /* libsqlite3.tbd */; };
		2473021C1BDDC4A30083189B /* SQLiteManager.swift in Sources */ = {isa = PBXBuildFile; fileRef = 2473021B1BDDC4A30083189B /* SQLiteManager.swift */; settings = {ASSET_TAGS = (); }; };
/* End PBXBuildFile section */

/* Begin PBXFileReference section */
		247301FD1BDDC01A0083189B /* SQLiteDemo.app */ = {isa = PBXFileReference; explicitFileType = wrapper.application; includeInIndex = 0; path = SQLiteDemo.app; sourceTree = BUILT_PRODUCTS_DIR; };
		247302001BDDC01A0083189B /* AppDelegate.swift */ = {isa = PBXFileReference; lastKnownFileType = sourcecode.swift; path = AppDelegate.swift; sourceTree = "<group>"; };
		247302021BDDC01A0083189B /* ViewController.swift */ = {isa = PBXFileReference; lastKnownFileType = sourcecode.swift; path = ViewController.swift; sourceTree = "<group>"; };
		247302051BDDC01A0083189B /* Base */ = {isa = PBXFileReference; lastKnownFileType = file.storyboard; name = Base; path = Base.lproj/Main.storyboard; sourceTree = "<group>"; };
		247302071BDDC01A0083189B /* Assets.xcassets */ = {isa = PBXFileReference; lastKnownFileType = folder.assetcatalog; path = Assets.xcassets; sourceTree = "<group>"; };
		2473020A1BDDC01A0083189B /* Base */ = {isa = PBXFileReference; lastKnownFileType = file.storyboard; name = Base; path = Base.lproj/LaunchScreen.storyboard; sourceTree = "<group>"; };
		2473020C1BDDC01A0083189B /* Info.plist */ = {isa = PBXFileReference; lastKnownFileType = text.plist.xml; path = Info.plist; sourceTree = "<group>"; };
		247302121BDDC1890083189B /* libsqlite3.tbd */ = {isa = PBXFileReference; lastKnownFileType = "sourcecode.text-based-dylib-definition"; name = libsqlite3.tbd; path = usr/lib/libsqlite3.tbd; sourceTree = SDKROOT; };
		247302151BDDC1DD0083189B /* SQLite-Bridge.h */ = {isa = PBXFileReference; lastKnownFileType = sourcecode.c.h; path = "SQLite-Bridge.h"; sourceTree = "<group>"; };
		2473021B1BDDC4A30083189B /* SQLiteManager.swift */ = {isa = PBXFileReference; fileEncoding = 4; lastKnownFileType = sourcecode.swift; path = SQLiteManager.swift; sourceTree = "<group>"; };
/* End PBXFileReference section */

/* Begin PBXFrameworksBuildPhase section */
		247301FA1BDDC01A0083189B /* Frameworks */ = {
			isa = PBXFrameworksBuildPhase;
			buildActionMask = 2147483647;
			files = (
				247302131BDDC1890083189B /* libsqlite3.tbd in Frameworks */,
			);
			runOnlyForDeploymentPostprocessing = 0;
		};
/* End PBXFrameworksBuildPhase section */

/* Begin PBXGroup section */
		247301F41BDDC01A0083189B = {
			isa = PBXGroup;
			children = (
				247302121BDDC1890083189B /* libsqlite3.tbd */,
				247301FF1BDDC01A0083189B /* SQLiteDemo */,
				247301FE1BDDC01A0083189B /* Products */,
			);
			sourceTree = "<group>";
		};
		247301FE1BDDC01A0083189B /* Products */ = {
			isa = PBXGroup;
			children = (
				247301FD1BDDC01A0083189B /* SQLiteDemo.app */,
			);
			name = Products;
			sourceTree = "<group>";
		};
		247301FF1BDDC01A0083189B /* SQLiteDemo */ = {
			isa = PBXGroup;
			children = (
				247302151BDDC1DD0083189B /* SQLite-Bridge.h */,
				247302001BDDC01A0083189B /* AppDelegate.swift */,
				247302021BDDC01A0083189B /* ViewController.swift */,
				2473021B1BDDC4A30083189B /* SQLiteManager.swift */,
				247302041BDDC01A0083189B /* Main.storyboard */,
				247302071BDDC01A0083189B /* Assets.xcassets */,
				247302091BDDC01A0083189B /* LaunchScreen.storyboard */,
				2473020C1BDDC01A0083189B /* Info.plist */,
			);
			path = SQLiteDemo;
			sourceTree = "<group>";
		};
/* End PBXGroup section */

/* Begin PBXNativeTarget section */
		247301FC1BDDC01A0083189B /* SQLiteDemo */ = {
			isa = PBXNativeTarget;
			buildConfigurationList = 2473020F1BDDC01A0083189B /* Build configuration list for PBXNativeTarget "SQLiteDemo" */;
			buildPhases = (
				247301F91BDDC01A0083189B /* Sources */,
				247301FA1BDDC01A0083189B /* Frameworks */,
				247301FB1BDDC01A0083189B /* Resources */,
			);
			buildRules = (
			);
			dependencies = (
			);
			name = SQLiteDemo;
			productName = SQLiteDemo;
			productReference = 247301FD1BDDC01A0083189B /* SQLiteDemo.app */;
			productType = "com.apple.product-type.application";
		};
/* End PBXNativeTarget section */

/* Begin PBXProject section */
		247301F51BDDC01A0083189B /* Project object */ = {
			isa = PBXProject;
			attributes = {
				LastUpgradeCheck = 0700;
				ORGANIZATIONNAME = Tsz;
				TargetAttributes = {
					247301FC1BDDC01A0083189B = {
						CreatedOnToolsVersion = 7.0;
					};
				};
			};
			buildConfigurationList = 247301F81BDDC01A0083189B /* Build configuration list for PBXProject "SQLiteDemo" */;
			compatibilityVersion = "Xcode 3.2";
			developmentRegion = English;
			hasScannedForEncodings = 0;
			knownRegions = (
				en,
				Base,
			);
			mainGroup = 247301F41BDDC01A0083189B;
			productRefGroup = 247301FE1BDDC01A0083189B /* Products */;
			projectDirPath = "";
			projectRoot = "";
			targets = (
				247301FC1BDDC01A0083189B /* SQLiteDemo */,
			);
		};
/* End PBXProject section */

/* Begin PBXResourcesBuildPhase section */
		247301FB1BDDC01A0083189B /* Resources */ = {
			isa = PBXResourcesBuildPhase;
			buildActionMask = 2147483647;
			files = (
				2473020B1BDDC01A0083189B /* LaunchScreen.storyboard in Resources */,
				247302081BDDC01A0083189B /* Assets.xcassets in Resources */,
				247302061BDDC01A0083189B /* Main.storyboard in Resources */,
			);
			runOnlyForDeploymentPostprocessing = 0;
		};
/* End PBXResourcesBuildPhase section */

/* Begin PBXSourcesBuildPhase section */
		247301F91BDDC01A0083189B /* Sources */ = {
			isa = PBXSourcesBuildPhase;
			buildActionMask = 2147483647;
			files = (
				2473021C1BDDC4A30083189B /* SQLiteManager.swift in Sources */,
				247302031BDDC01A0083189B /* ViewController.swift in Sources */,
				247302011BDDC01A0083189B /* AppDelegate.swift in Sources */,
			);
			runOnlyForDeploymentPostprocessing = 0;
		};
/* End PBXSourcesBuildPhase section */

/* Begin PBXVariantGroup section */
		247302041BDDC01A0083189B /* Main.storyboard */ = {
			isa = PBXVariantGroup;
			children = (
				247302051BDDC01A0083189B /* Base */,
			);
			name = Main.storyboard;
			sourceTree = "<group>";
		};
		247302091BDDC01A0083189B /* LaunchScreen.storyboard */ = {
			isa = PBXVariantGroup;
			children = (
				2473020A1BDDC01A0083189B /* Base */,
			);
			name = LaunchScreen.storyboard;
			sourceTree = "<group>";
		};
/* End PBXVariantGroup section */

/* Begin XCBuildConfiguration section */
		2473020D1BDDC01A0083189B /* Debug */ = {
			isa = XCBuildConfiguration;
			buildSettings = {
				ALWAYS_SEARCH_USER_PATHS = NO;
				CLANG_CXX_LANGUAGE_STANDARD = "gnu++0x";
				CLANG_CXX_LIBRARY = "libc++";
				CLANG_ENABLE_MODULES = YES;
				CLANG_ENABLE_OBJC_ARC = YES;
				CLANG_WARN_BOOL_CONVERSION = YES;
				CLANG_WARN_CONSTANT_CONVERSION = YES;
				CLANG_WARN_DIRECT_OBJC_ISA_USAGE = YES_ERROR;
				CLANG_WARN_EMPTY_BODY = YES;
				CLANG_WARN_ENUM_CONVERSION = YES;
				CLANG_WARN_INT_CONVERSION = YES;
				CLANG_WARN_OBJC_ROOT_CLASS = YES_ERROR;
				CLANG_WARN_UNREACHABLE_CODE = YES;
				CLANG_WARN__DUPLICATE_METHOD_MATCH = YES;
				"CODE_SIGN_IDENTITY[sdk=iphoneos*]" = "iPhone Developer";
				COPY_PHASE_STRIP = NO;
				DEBUG_INFORMATION_FORMAT = dwarf;
				ENABLE_STRICT_OBJC_MSGSEND = YES;
				ENABLE_TESTABILITY = YES;
				GCC_C_LANGUAGE_STANDARD = gnu99;
				GCC_DYNAMIC_NO_PIC = NO;
				GCC_NO_COMMON_BLOCKS = YES;
				GCC_OPTIMIZATION_LEVEL = 0;
				GCC_PREPROCESSOR_DEFINITIONS = (
					"DEBUG=1",
					"$(inherited)",
				);
				GCC_WARN_64_TO_32_BIT_CONVERSION = YES;
				GCC_WARN_ABOUT_RETURN_TYPE = YES_ERROR;
				GCC_WARN_UNDECLARED_SELECTOR = YES;
				GCC_WARN_UNINITIALIZED_AUTOS = YES_AGGRESSIVE;
				GCC_WARN_UNUSED_FUNCTION = YES;
				GCC_WARN_UNUSED_VARIABLE = YES;
				IPHONEOS_DEPLOYMENT_TARGET = 9.0;
				MTL_ENABLE_DEBUG_INFO = YES;
				ONLY_ACTIVE_ARCH = YES;
				SDKROOT = iphoneos;
				SWIFT_OPTIMIZATION_LEVEL = "-Onone";
				TARGETED_DEVICE_FAMILY = "1,2";
			};
			name = Debug;
		};
		2473020E1BDDC01A0083189B /* Release */ = {
			isa = XCBuildConfiguration;
			buildSettings = {
				ALWAYS_SEARCH_USER_PATHS = NO;
				CLANG_CXX_LANGUAGE_STANDARD = "gnu++0x";
				CLANG_CXX_LIBRARY = "libc++";
				CLANG_ENABLE_MODULES = YES;
				CLANG_ENABLE_OBJC_ARC = YES;
				CLANG_WARN_BOOL_CONVERSION = YES;
				CLANG_WARN_CONSTANT_CONVERSION = YES;
				CLANG_WARN_DIRECT_OBJC_ISA_USAGE = YES_ERROR;
				CLANG_WARN_EMPTY_BODY = YES;
				CLANG_WARN_ENUM_CONVERSION = YES;
				CLANG_WARN_INT_CONVERSION = YES;
				CLANG_WARN_OBJC_ROOT_CLASS = YES_ERROR;
				CLANG_WARN_UNREACHABLE_CODE = YES;
				CLANG_WARN__DUPLICATE_METHOD_MATCH = YES;
				"CODE_SIGN_IDENTITY[sdk=iphoneos*]" = "iPhone Developer";
				COPY_PHASE_STRIP = NO;
				DEBUG_INFORMATION_FORMAT = "dwarf-with-dsym";
				ENABLE_NS_ASSERTIONS = NO;
				ENABLE_STRICT_OBJC_MSGSEND = YES;
				GCC_C_LANGUAGE_STANDARD = gnu99;
				GCC_NO_COMMON_BLOCKS = YES;
				GCC_WARN_64_TO_32_BIT_CONVERSION = YES;
				GCC_WARN_ABOUT_RETURN_TYPE = YES_ERROR;
				GCC_WARN_UNDECLARED_SELECTOR = YES;
				GCC_WARN_UNINITIALIZED_AUTOS = YES_AGGRESSIVE;
				GCC_WARN_UNUSED_FUNCTION = YES;
				GCC_WARN_UNUSED_VARIABLE = YES;
				IPHONEOS_DEPLOYMENT_TARGET = 9.0;
				MTL_ENABLE_DEBUG_INFO = NO;
				SDKROOT = iphoneos;
				TARGETED_DEVICE_FAMILY = "1,2";
				VALIDATE_PRODUCT = YES;
			};
			name = Release;
		};
		247302101BDDC01A0083189B /* Debug */ = {
			isa = XCBuildConfiguration;
			buildSettings = {
				ASSETCATALOG_COMPILER_APPICON_NAME = AppIcon;
				INFOPLIST_FILE = SQLiteDemo/Info.plist;
				LD_RUNPATH_SEARCH_PATHS = "$(inherited) @executable_path/Frameworks";
				PRODUCT_BUNDLE_IDENTIFIER = tsz.SQLiteDemo;
				PRODUCT_NAME = "$(TARGET_NAME)";
				SWIFT_OBJC_BRIDGING_HEADER = "SQLiteDemo/SQLite-Bridge.h";
			};
			name = Debug;
		};
		247302111BDDC01A0083189B /* Release */ = {
			isa = XCBuildConfiguration;
			buildSettings = {
				ASSETCATALOG_COMPILER_APPICON_NAME = AppIcon;
				INFOPLIST_FILE = SQLiteDemo/Info.plist;
				LD_RUNPATH_SEARCH_PATHS = "$(inherited) @executable_path/Frameworks";
				PRODUCT_BUNDLE_IDENTIFIER = tsz.SQLiteDemo;
				PRODUCT_NAME = "$(TARGET_NAME)";
				SWIFT_OBJC_BRIDGING_HEADER = "SQLiteDemo/SQLite-Bridge.h";
			};
			name = Release;
		};
/* End XCBuildConfiguration section */

/* Begin XCConfigurationList section */
		247301F81BDDC01A0083189B /* Build configuration list for PBXProject "SQLiteDemo" */ = {
			isa = XCConfigurationList;
			buildConfigurations = (
				2473020D1BDDC01A0083189B /* Debug */,
				2473020E1BDDC01A0083189B /* Release */,
			);
			defaultConfigurationIsVisible = 0;
			defaultConfigurationName = Release;
		};
		2473020F1BDDC01A0083189B /* Build configuration list for PBXNativeTarget "SQLiteDemo" */ = {
			isa = XCConfigurationList;
			buildConfigurations = (
				247302101BDDC01A0083189B /* Debug */,
				247302111BDDC01A0083189B /* Release */,
			);
			defaultConfigurationIsVisible = 0;
		};
/* End XCConfigurationList section */
	};
	rootObject = 247301F51BDDC01A0083189B /* Project object */;
}
